
Microsoft Visual Studio Solution File, Format Version 12.00
# Visual Studio 15
VisualStudioVersion = 15.0.27703.2026
MinimumVisualStudioVersion = 10.0.40219.1
Project("{FAE04EC0-301F-11D3-BF4B-00C04F79EFBC}") = "TsRandomizer", "TsRanomizer\TsRandomizer.csproj", "{694E46C5-FD46-4CC8-8B71-D381E154CCF7}"
EndProject
Project("{FAE04EC0-301F-11D3-BF4B-00C04F79EFBC}") = "TsRandomizer.Tests", "TsRandomizer.Tests\TsRandomizer.Tests.csproj", "{B4DCDDB6-F4DB-4FD4-B750-1191B00661C7}"
EndProject
Global
	GlobalSection(SolutionConfigurationPlatforms) = preSolution
		Debug DRM Free|Any CPU = Debug DRM Free|Any CPU
		Debug|Any CPU = Debug|Any CPU
		Release DRM Free|Any CPU = Release DRM Free|Any CPU
		Release|Any CPU = Release|Any CPU
	EndGlobalSection
	GlobalSection(ProjectConfigurationPlatforms) = postSolution
		{694E46C5-FD46-4CC8-8B71-D381E154CCF7}.Debug DRM Free|Any CPU.ActiveCfg = Debug DRM Free|Any CPU
		{694E46C5-FD46-4CC8-8B71-D381E154CCF7}.Debug DRM Free|Any CPU.Build.0 = Debug DRM Free|Any CPU
		{694E46C5-FD46-4CC8-8B71-D381E154CCF7}.Debug|Any CPU.ActiveCfg = Debug|Any CPU
		{694E46C5-FD46-4CC8-8B71-D381E154CCF7}.Debug|Any CPU.Build.0 = Debug|Any CPU
		{694E46C5-FD46-4CC8-8B71-D381E154CCF7}.Release DRM Free|Any CPU.ActiveCfg = Release DRM Free|Any CPU
		{694E46C5-FD46-4CC8-8B71-D381E154CCF7}.Release DRM Free|Any CPU.Build.0 = Release DRM Free|Any CPU
		{694E46C5-FD46-4CC8-8B71-D381E154CCF7}.Release|Any CPU.ActiveCfg = Release|Any CPU
		{694E46C5-FD46-4CC8-8B71-D381E154CCF7}.Release|Any CPU.Build.0 = Release|Any CPU
		{B4DCDDB6-F4DB-4FD4-B750-1191B00661C7}.Debug DRM Free|Any CPU.ActiveCfg = Debug DRM Free|Any CPU
		{B4DCDDB6-F4DB-4FD4-B750-1191B00661C7}.Debug DRM Free|Any CPU.Build.0 = Debug DRM Free|Any CPU
		{B4DCDDB6-F4DB-4FD4-B750-1191B00661C7}.Debug|Any CPU.ActiveCfg = Debug|Any CPU
		{B4DCDDB6-F4DB-4FD4-B750-1191B00661C7}.Debug|Any CPU.Build.0 = Debug|Any CPU
		{B4DCDDB6-F4DB-4FD4-B750-1191B00661C7}.Release DRM Free|Any CPU.ActiveCfg = Release DRM Free|Any CPU
		{B4DCDDB6-F4DB-4FD4-B750-1191B00661C7}.Release DRM Free|Any CPU.Build.0 = Release DRM Free|Any CPU
		{B4DCDDB6-F4DB-4FD4-B750-1191B00661C7}.Release|Any CPU.ActiveCfg = Release|Any CPU
		{B4DCDDB6-F4DB-4FD4-B750-1191B00661C7}.Release|Any CPU.Build.0 = Release|Any CPU
	EndGlobalSection
	GlobalSection(SolutionProperties) = preSolution
		HideSolutionNode = FALSE
	EndGlobalSection
	GlobalSection(ExtensibilityGlobals) = postSolution
		SolutionGuid = {5C37E60C-1A8D-4AE6-812F-A9C3301D87B9}
	EndGlobalSection
EndGlobal
