
Microsoft Visual Studio Solution File, Format Version 12.00
# Visual Studio Version 17
VisualStudioVersion = 17.10.35013.160
MinimumVisualStudioVersion = 10.0.40219.1
Project("{FAE04EC0-301F-11D3-BF4B-00C04F79EFBC}") = "TsRandomizer", "TsRandomizer\TsRandomizer.csproj", "{694E46C5-FD46-4CC8-8B71-D381E154CCF7}"
EndProject
Project("{2150E333-8FDC-42A3-9474-1A3956D46DE8}") = "Solution Items", "Solution Items", "{CD8103A2-141D-4AD0-B2FE-533D86875C9C}"
	ProjectSection(SolutionItems) = preProject
		ReadMe.md = ReadMe.md
	EndProjectSection
EndProject
Project("{FAE04EC0-301F-11D3-BF4B-00C04F79EFBC}") = "TsRandomizer.ItemTracker", "TsRandomizer.ItemTracker\TsRandomizer.ItemTracker.csproj", "{4D86B28B-95A2-4452-9BAA-C8E80F026101}"
	ProjectSection(ProjectDependencies) = postProject
		{694E46C5-FD46-4CC8-8B71-D381E154CCF7} = {694E46C5-FD46-4CC8-8B71-D381E154CCF7}
	EndProjectSection
EndProject
Project("{FAE04EC0-301F-11D3-BF4B-00C04F79EFBC}") = "TsRandomizer.OnlineSeedGeneratah", "TsRandomizer.OnlineSeedGeneratah\TsRandomizer.OnlineSeedGeneratah.csproj", "{FC7BE76D-2DBB-4B92-8F83-375391E8EB7F}"
	ProjectSection(ProjectDependencies) = postProject
		{694E46C5-FD46-4CC8-8B71-D381E154CCF7} = {694E46C5-FD46-4CC8-8B71-D381E154CCF7}
	EndProjectSection
EndProject
Global
	GlobalSection(SolutionConfigurationPlatforms) = preSolution
		Debug DRM Free (GoG)|Any CPU = Debug DRM Free (GoG)|Any CPU
		Debug DRM Free (GoG)|x64 = Debug DRM Free (GoG)|x64
		Debug DRM Free (Humble)|Any CPU = Debug DRM Free (Humble)|Any CPU
		Debug DRM Free (Humble)|x64 = Debug DRM Free (Humble)|x64
		Debug|Any CPU = Debug|Any CPU
		Debug|x64 = Debug|x64
		Release DRM Free (GoG)|Any CPU = Release DRM Free (GoG)|Any CPU
		Release DRM Free (GoG)|x64 = Release DRM Free (GoG)|x64
		Release DRM Free (Humble)|Any CPU = Release DRM Free (Humble)|Any CPU
		Release DRM Free (Humble)|x64 = Release DRM Free (Humble)|x64
		Release|Any CPU = Release|Any CPU
		Release|x64 = Release|x64
	EndGlobalSection
	GlobalSection(ProjectConfigurationPlatforms) = postSolution
		{694E46C5-FD46-4CC8-8B71-D381E154CCF7}.Debug DRM Free (GoG)|Any CPU.ActiveCfg = Debug DRM Free (GoG)|Any CPU
		{694E46C5-FD46-4CC8-8B71-D381E154CCF7}.Debug DRM Free (GoG)|Any CPU.Build.0 = Debug DRM Free (GoG)|Any CPU
		{694E46C5-FD46-4CC8-8B71-D381E154CCF7}.Debug DRM Free (GoG)|x64.ActiveCfg = Debug DRM Free (GoG)|Any CPU
		{694E46C5-FD46-4CC8-8B71-D381E154CCF7}.Debug DRM Free (GoG)|x64.Build.0 = Debug DRM Free (GoG)|Any CPU
		{694E46C5-FD46-4CC8-8B71-D381E154CCF7}.Debug DRM Free (Humble)|Any CPU.ActiveCfg = Debug DRM Free|Any CPU
		{694E46C5-FD46-4CC8-8B71-D381E154CCF7}.Debug DRM Free (Humble)|Any CPU.Build.0 = Debug DRM Free|Any CPU
		{694E46C5-FD46-4CC8-8B71-D381E154CCF7}.Debug DRM Free (Humble)|x64.ActiveCfg = Debug DRM Free|Any CPU
		{694E46C5-FD46-4CC8-8B71-D381E154CCF7}.Debug DRM Free (Humble)|x64.Build.0 = Debug DRM Free|Any CPU
		{694E46C5-FD46-4CC8-8B71-D381E154CCF7}.Debug|Any CPU.ActiveCfg = Debug|Any CPU
		{694E46C5-FD46-4CC8-8B71-D381E154CCF7}.Debug|Any CPU.Build.0 = Debug|Any CPU
		{694E46C5-FD46-4CC8-8B71-D381E154CCF7}.Debug|x64.ActiveCfg = Debug|Any CPU
		{694E46C5-FD46-4CC8-8B71-D381E154CCF7}.Debug|x64.Build.0 = Debug|Any CPU
		{694E46C5-FD46-4CC8-8B71-D381E154CCF7}.Release DRM Free (GoG)|Any CPU.ActiveCfg = Release DRM Free (GoG)|Any CPU
		{694E46C5-FD46-4CC8-8B71-D381E154CCF7}.Release DRM Free (GoG)|Any CPU.Build.0 = Release DRM Free (GoG)|Any CPU
		{694E46C5-FD46-4CC8-8B71-D381E154CCF7}.Release DRM Free (GoG)|x64.ActiveCfg = Release DRM Free (GoG)|Any CPU
		{694E46C5-FD46-4CC8-8B71-D381E154CCF7}.Release DRM Free (GoG)|x64.Build.0 = Release DRM Free (GoG)|Any CPU
		{694E46C5-FD46-4CC8-8B71-D381E154CCF7}.Release DRM Free (Humble)|Any CPU.ActiveCfg = Release|Any CPU
		{694E46C5-FD46-4CC8-8B71-D381E154CCF7}.Release DRM Free (Humble)|Any CPU.Build.0 = Release|Any CPU
		{694E46C5-FD46-4CC8-8B71-D381E154CCF7}.Release DRM Free (Humble)|x64.ActiveCfg = Release DRM Free|Any CPU
		{694E46C5-FD46-4CC8-8B71-D381E154CCF7}.Release DRM Free (Humble)|x64.Build.0 = Release DRM Free|Any CPU
		{694E46C5-FD46-4CC8-8B71-D381E154CCF7}.Release|Any CPU.ActiveCfg = Release|Any CPU
		{694E46C5-FD46-4CC8-8B71-D381E154CCF7}.Release|Any CPU.Build.0 = Release|Any CPU
		{694E46C5-FD46-4CC8-8B71-D381E154CCF7}.Release|x64.ActiveCfg = Release|Any CPU
		{694E46C5-FD46-4CC8-8B71-D381E154CCF7}.Release|x64.Build.0 = Release|Any CPU
		{4D86B28B-95A2-4452-9BAA-C8E80F026101}.Debug DRM Free (GoG)|Any CPU.ActiveCfg = Debug DRM Free (GoG)|Any CPU
		{4D86B28B-95A2-4452-9BAA-C8E80F026101}.Debug DRM Free (GoG)|Any CPU.Build.0 = Debug DRM Free (GoG)|Any CPU
		{4D86B28B-95A2-4452-9BAA-C8E80F026101}.Debug DRM Free (GoG)|x64.ActiveCfg = Debug DRM Free (GoG)|x64
		{4D86B28B-95A2-4452-9BAA-C8E80F026101}.Debug DRM Free (GoG)|x64.Build.0 = Debug DRM Free (GoG)|x64
		{4D86B28B-95A2-4452-9BAA-C8E80F026101}.Debug DRM Free (Humble)|Any CPU.ActiveCfg = Debug|Any CPU
		{4D86B28B-95A2-4452-9BAA-C8E80F026101}.Debug DRM Free (Humble)|Any CPU.Build.0 = Debug|Any CPU
		{4D86B28B-95A2-4452-9BAA-C8E80F026101}.Debug DRM Free (Humble)|x64.ActiveCfg = Debug|x64
		{4D86B28B-95A2-4452-9BAA-C8E80F026101}.Debug DRM Free (Humble)|x64.Build.0 = Debug|x64
		{4D86B28B-95A2-4452-9BAA-C8E80F026101}.Debug|Any CPU.ActiveCfg = Debug|Any CPU
		{4D86B28B-95A2-4452-9BAA-C8E80F026101}.Debug|Any CPU.Build.0 = Debug|Any CPU
		{4D86B28B-95A2-4452-9BAA-C8E80F026101}.Debug|x64.ActiveCfg = Debug|x64
		{4D86B28B-95A2-4452-9BAA-C8E80F026101}.Debug|x64.Build.0 = Debug|x64
		{4D86B28B-95A2-4452-9BAA-C8E80F026101}.Release DRM Free (GoG)|Any CPU.ActiveCfg = Release DRM Free (GoG)|Any CPU
		{4D86B28B-95A2-4452-9BAA-C8E80F026101}.Release DRM Free (GoG)|Any CPU.Build.0 = Release DRM Free (GoG)|Any CPU
		{4D86B28B-95A2-4452-9BAA-C8E80F026101}.Release DRM Free (GoG)|x64.ActiveCfg = Release DRM Free (GoG)|x64
		{4D86B28B-95A2-4452-9BAA-C8E80F026101}.Release DRM Free (GoG)|x64.Build.0 = Release DRM Free (GoG)|x64
		{4D86B28B-95A2-4452-9BAA-C8E80F026101}.Release DRM Free (Humble)|Any CPU.ActiveCfg = Release|Any CPU
		{4D86B28B-95A2-4452-9BAA-C8E80F026101}.Release DRM Free (Humble)|Any CPU.Build.0 = Release|Any CPU
		{4D86B28B-95A2-4452-9BAA-C8E80F026101}.Release DRM Free (Humble)|x64.ActiveCfg = Release|x64
		{4D86B28B-95A2-4452-9BAA-C8E80F026101}.Release DRM Free (Humble)|x64.Build.0 = Release|x64
		{4D86B28B-95A2-4452-9BAA-C8E80F026101}.Release|Any CPU.ActiveCfg = Release|Any CPU
		{4D86B28B-95A2-4452-9BAA-C8E80F026101}.Release|Any CPU.Build.0 = Release|Any CPU
		{4D86B28B-95A2-4452-9BAA-C8E80F026101}.Release|x64.ActiveCfg = Release|x64
		{4D86B28B-95A2-4452-9BAA-C8E80F026101}.Release|x64.Build.0 = Release|x64
		{FC7BE76D-2DBB-4B92-8F83-375391E8EB7F}.Debug DRM Free (GoG)|Any CPU.ActiveCfg = Debug|Any CPU
		{FC7BE76D-2DBB-4B92-8F83-375391E8EB7F}.Debug DRM Free (GoG)|Any CPU.Build.0 = Debug|Any CPU
		{FC7BE76D-2DBB-4B92-8F83-375391E8EB7F}.Debug DRM Free (GoG)|x64.ActiveCfg = Debug|Any CPU
		{FC7BE76D-2DBB-4B92-8F83-375391E8EB7F}.Debug DRM Free (GoG)|x64.Build.0 = Debug|Any CPU
		{FC7BE76D-2DBB-4B92-8F83-375391E8EB7F}.Debug DRM Free (Humble)|Any CPU.ActiveCfg = Debug|Any CPU
		{FC7BE76D-2DBB-4B92-8F83-375391E8EB7F}.Debug DRM Free (Humble)|Any CPU.Build.0 = Debug|Any CPU
		{FC7BE76D-2DBB-4B92-8F83-375391E8EB7F}.Debug DRM Free (Humble)|x64.ActiveCfg = Debug|Any CPU
		{FC7BE76D-2DBB-4B92-8F83-375391E8EB7F}.Debug DRM Free (Humble)|x64.Build.0 = Debug|Any CPU
		{FC7BE76D-2DBB-4B92-8F83-375391E8EB7F}.Debug|Any CPU.ActiveCfg = Debug|Any CPU
		{FC7BE76D-2DBB-4B92-8F83-375391E8EB7F}.Debug|Any CPU.Build.0 = Debug|Any CPU
		{FC7BE76D-2DBB-4B92-8F83-375391E8EB7F}.Debug|x64.ActiveCfg = Debug|Any CPU
		{FC7BE76D-2DBB-4B92-8F83-375391E8EB7F}.Debug|x64.Build.0 = Debug|Any CPU
		{FC7BE76D-2DBB-4B92-8F83-375391E8EB7F}.Release DRM Free (GoG)|Any CPU.ActiveCfg = Release|Any CPU
		{FC7BE76D-2DBB-4B92-8F83-375391E8EB7F}.Release DRM Free (GoG)|Any CPU.Build.0 = Release|Any CPU
		{FC7BE76D-2DBB-4B92-8F83-375391E8EB7F}.Release DRM Free (GoG)|x64.ActiveCfg = Release|Any CPU
		{FC7BE76D-2DBB-4B92-8F83-375391E8EB7F}.Release DRM Free (GoG)|x64.Build.0 = Release|Any CPU
		{FC7BE76D-2DBB-4B92-8F83-375391E8EB7F}.Release DRM Free (Humble)|Any CPU.ActiveCfg = Release|Any CPU
		{FC7BE76D-2DBB-4B92-8F83-375391E8EB7F}.Release DRM Free (Humble)|Any CPU.Build.0 = Release|Any CPU
		{FC7BE76D-2DBB-4B92-8F83-375391E8EB7F}.Release DRM Free (Humble)|x64.ActiveCfg = Release|Any CPU
		{FC7BE76D-2DBB-4B92-8F83-375391E8EB7F}.Release DRM Free (Humble)|x64.Build.0 = Release|Any CPU
		{FC7BE76D-2DBB-4B92-8F83-375391E8EB7F}.Release|Any CPU.ActiveCfg = Release|Any CPU
		{FC7BE76D-2DBB-4B92-8F83-375391E8EB7F}.Release|Any CPU.Build.0 = Release|Any CPU
		{FC7BE76D-2DBB-4B92-8F83-375391E8EB7F}.Release|x64.ActiveCfg = Release|Any CPU
		{FC7BE76D-2DBB-4B92-8F83-375391E8EB7F}.Release|x64.Build.0 = Release|Any CPU
	EndGlobalSection
	GlobalSection(SolutionProperties) = preSolution
		HideSolutionNode = FALSE
	EndGlobalSection
	GlobalSection(ExtensibilityGlobals) = postSolution
		SolutionGuid = {27E09A7D-E637-4142-8D10-ACCE4C1E8965}
	EndGlobalSection
EndGlobal
