
Microsoft Visual Studio Solution File, Format Version 12.00
# Visual Studio Version 16
VisualStudioVersion = 16.0.31829.152
MinimumVisualStudioVersion = 10.0.40219.1
Project("{FAE04EC0-301F-11D3-BF4B-00C04F79EFBC}") = "TsRandomizer", "TsRandomizer\TsRandomizer.csproj", "{694E46C5-FD46-4CC8-8B71-D381E154CCF7}"
EndProject
Project("{2150E333-8FDC-42A3-9474-1A3956D46DE8}") = "Solution Items", "Solution Items", "{CD8103A2-141D-4AD0-B2FE-533D86875C9C}"
	ProjectSection(SolutionItems) = preProject
		ReadMe.md = ReadMe.md
	EndProjectSection
EndProject
Project("{FAE04EC0-301F-11D3-BF4B-00C04F79EFBC}") = "TsRandomizer.ItemTracker", "TsRandomizer.ItemTracker\TsRandomizer.ItemTracker.csproj", "{4D86B28B-95A2-4452-9BAA-C8E80F026101}"
EndProject
Project("{FAE04EC0-301F-11D3-BF4B-00C04F79EFBC}") = "TsRandomizer.SeedGeneratah", "TsRandomizer.SeedGeneratah\TsRandomizer.SeedGeneratah.csproj", "{C30E617E-83DB-4C7C-9E45-0166C781A0A8}"
	ProjectSection(ProjectDependencies) = postProject
		{694E46C5-FD46-4CC8-8B71-D381E154CCF7} = {694E46C5-FD46-4CC8-8B71-D381E154CCF7}
	EndProjectSection
EndProject
Global
	GlobalSection(SolutionConfigurationPlatforms) = preSolution
		Debug DRM Free|Any CPU = Debug DRM Free|Any CPU
		Debug DRM Free|x64 = Debug DRM Free|x64
		Debug|Any CPU = Debug|Any CPU
		Debug|x64 = Debug|x64
		Release DRM Free|Any CPU = Release DRM Free|Any CPU
		Release DRM Free|x64 = Release DRM Free|x64
		Release|Any CPU = Release|Any CPU
		Release|x64 = Release|x64
	EndGlobalSection
	GlobalSection(ProjectConfigurationPlatforms) = postSolution
		{694E46C5-FD46-4CC8-8B71-D381E154CCF7}.Debug DRM Free|Any CPU.ActiveCfg = Debug DRM Free|Any CPU
		{694E46C5-FD46-4CC8-8B71-D381E154CCF7}.Debug DRM Free|Any CPU.Build.0 = Debug DRM Free|Any CPU
		{694E46C5-FD46-4CC8-8B71-D381E154CCF7}.Debug DRM Free|x64.ActiveCfg = Debug DRM Free|Any CPU
		{694E46C5-FD46-4CC8-8B71-D381E154CCF7}.Debug DRM Free|x64.Build.0 = Debug DRM Free|Any CPU
		{694E46C5-FD46-4CC8-8B71-D381E154CCF7}.Debug|Any CPU.ActiveCfg = Debug|Any CPU
		{694E46C5-FD46-4CC8-8B71-D381E154CCF7}.Debug|Any CPU.Build.0 = Debug|Any CPU
		{694E46C5-FD46-4CC8-8B71-D381E154CCF7}.Debug|x64.ActiveCfg = Debug|Any CPU
		{694E46C5-FD46-4CC8-8B71-D381E154CCF7}.Debug|x64.Build.0 = Debug|Any CPU
		{694E46C5-FD46-4CC8-8B71-D381E154CCF7}.Release DRM Free|Any CPU.ActiveCfg = Release DRM Free|Any CPU
		{694E46C5-FD46-4CC8-8B71-D381E154CCF7}.Release DRM Free|Any CPU.Build.0 = Release DRM Free|Any CPU
		{694E46C5-FD46-4CC8-8B71-D381E154CCF7}.Release DRM Free|x64.ActiveCfg = Release DRM Free|Any CPU
		{694E46C5-FD46-4CC8-8B71-D381E154CCF7}.Release DRM Free|x64.Build.0 = Release DRM Free|Any CPU
		{694E46C5-FD46-4CC8-8B71-D381E154CCF7}.Release|Any CPU.ActiveCfg = Release|Any CPU
		{694E46C5-FD46-4CC8-8B71-D381E154CCF7}.Release|Any CPU.Build.0 = Release|Any CPU
		{694E46C5-FD46-4CC8-8B71-D381E154CCF7}.Release|x64.ActiveCfg = Release|Any CPU
		{694E46C5-FD46-4CC8-8B71-D381E154CCF7}.Release|x64.Build.0 = Release|Any CPU
		{4D86B28B-95A2-4452-9BAA-C8E80F026101}.Debug DRM Free|Any CPU.ActiveCfg = Debug|Any CPU
		{4D86B28B-95A2-4452-9BAA-C8E80F026101}.Debug DRM Free|Any CPU.Build.0 = Debug|Any CPU
		{4D86B28B-95A2-4452-9BAA-C8E80F026101}.Debug DRM Free|x64.ActiveCfg = Debug|x64
		{4D86B28B-95A2-4452-9BAA-C8E80F026101}.Debug DRM Free|x64.Build.0 = Debug|x64
		{4D86B28B-95A2-4452-9BAA-C8E80F026101}.Debug|Any CPU.ActiveCfg = Debug|Any CPU
		{4D86B28B-95A2-4452-9BAA-C8E80F026101}.Debug|Any CPU.Build.0 = Debug|Any CPU
		{4D86B28B-95A2-4452-9BAA-C8E80F026101}.Debug|x64.ActiveCfg = Debug|x64
		{4D86B28B-95A2-4452-9BAA-C8E80F026101}.Debug|x64.Build.0 = Debug|x64
		{4D86B28B-95A2-4452-9BAA-C8E80F026101}.Release DRM Free|Any CPU.ActiveCfg = Release|Any CPU
		{4D86B28B-95A2-4452-9BAA-C8E80F026101}.Release DRM Free|Any CPU.Build.0 = Release|Any CPU
		{4D86B28B-95A2-4452-9BAA-C8E80F026101}.Release DRM Free|x64.ActiveCfg = Release|x64
		{4D86B28B-95A2-4452-9BAA-C8E80F026101}.Release DRM Free|x64.Build.0 = Release|x64
		{4D86B28B-95A2-4452-9BAA-C8E80F026101}.Release|Any CPU.ActiveCfg = Release|Any CPU
		{4D86B28B-95A2-4452-9BAA-C8E80F026101}.Release|Any CPU.Build.0 = Release|Any CPU
		{4D86B28B-95A2-4452-9BAA-C8E80F026101}.Release|x64.ActiveCfg = Release|x64
		{4D86B28B-95A2-4452-9BAA-C8E80F026101}.Release|x64.Build.0 = Release|x64
		{C30E617E-83DB-4C7C-9E45-0166C781A0A8}.Debug DRM Free|Any CPU.ActiveCfg = Debug|Any CPU
		{C30E617E-83DB-4C7C-9E45-0166C781A0A8}.Debug DRM Free|Any CPU.Build.0 = Debug|Any CPU
		{C30E617E-83DB-4C7C-9E45-0166C781A0A8}.Debug DRM Free|x64.ActiveCfg = Debug|Any CPU
		{C30E617E-83DB-4C7C-9E45-0166C781A0A8}.Debug DRM Free|x64.Build.0 = Debug|Any CPU
		{C30E617E-83DB-4C7C-9E45-0166C781A0A8}.Debug|Any CPU.ActiveCfg = Debug|Any CPU
		{C30E617E-83DB-4C7C-9E45-0166C781A0A8}.Debug|Any CPU.Build.0 = Debug|Any CPU
		{C30E617E-83DB-4C7C-9E45-0166C781A0A8}.Debug|x64.ActiveCfg = Debug|Any CPU
		{C30E617E-83DB-4C7C-9E45-0166C781A0A8}.Debug|x64.Build.0 = Debug|Any CPU
		{C30E617E-83DB-4C7C-9E45-0166C781A0A8}.Release DRM Free|Any CPU.ActiveCfg = Release|Any CPU
		{C30E617E-83DB-4C7C-9E45-0166C781A0A8}.Release DRM Free|Any CPU.Build.0 = Release|Any CPU
		{C30E617E-83DB-4C7C-9E45-0166C781A0A8}.Release DRM Free|x64.ActiveCfg = Release|Any CPU
		{C30E617E-83DB-4C7C-9E45-0166C781A0A8}.Release DRM Free|x64.Build.0 = Release|Any CPU
		{C30E617E-83DB-4C7C-9E45-0166C781A0A8}.Release|Any CPU.ActiveCfg = Release|Any CPU
		{C30E617E-83DB-4C7C-9E45-0166C781A0A8}.Release|Any CPU.Build.0 = Release|Any CPU
		{C30E617E-83DB-4C7C-9E45-0166C781A0A8}.Release|x64.ActiveCfg = Release|Any CPU
		{C30E617E-83DB-4C7C-9E45-0166C781A0A8}.Release|x64.Build.0 = Release|Any CPU
	EndGlobalSection
	GlobalSection(SolutionProperties) = preSolution
		HideSolutionNode = FALSE
	EndGlobalSection
	GlobalSection(ExtensibilityGlobals) = postSolution
		SolutionGuid = {5C37E60C-1A8D-4AE6-812F-A9C3301D87B9}
	EndGlobalSection
EndGlobal
